
Microsoft Visual Studio Solution File, Format Version 12.00
# Visual Studio Version 17
VisualStudioVersion = 17.12.35506.116
MinimumVisualStudioVersion = 10.0.40219.1
Project("{9A19103F-16F7-4668-BE54-9A1E7A4F7556}") = "WinFormsProyectoFinal", "WinFormsProyectoFinal\WinFormsProyectoFinal.csproj", "{51EEC0E4-6D07-4328-B145-D8DE81E01661}"
EndProject
Project("{2150E333-8FDC-42A3-9474-1A3956D46DE8}") = "Elementos de la solución", "Elementos de la solución", "{722BEDA6-B3D4-4D62-A8B8-CDEDA5DF619A}"
EndProject
Global
	GlobalSection(SolutionConfigurationPlatforms) = preSolution
		Debug|Any CPU = Debug|Any CPU
		Release|Any CPU = Release|Any CPU
	EndGlobalSection
	GlobalSection(ProjectConfigurationPlatforms) = postSolution
		{51EEC0E4-6D07-4328-B145-D8DE81E01661}.Debug|Any CPU.ActiveCfg = Debug|Any CPU
		{51EEC0E4-6D07-4328-B145-D8DE81E01661}.Debug|Any CPU.Build.0 = Debug|Any CPU
		{51EEC0E4-6D07-4328-B145-D8DE81E01661}.Release|Any CPU.ActiveCfg = Release|Any CPU
		{51EEC0E4-6D07-4328-B145-D8DE81E01661}.Release|Any CPU.Build.0 = Release|Any CPU
	EndGlobalSection
	GlobalSection(SolutionProperties) = preSolution
		HideSolutionNode = FALSE
	EndGlobalSection
	GlobalSection(ExtensibilityGlobals) = postSolution
		SolutionGuid = {72705C86-850F-43A7-813D-E2A8E735C98B}
	EndGlobalSection
EndGlobal
